# This file is autogenerated, do not edit; changes may be undone by the next 'dep ensure'.


[[projects]]
  digest = "1:f02850a087818d0200334ff2a4c33a30750a8c45f7f2ddcc3d52bb20aa0e798b"
  name = "github.com/PuerkitoBio/goquery"
  packages = ["."]
  pruneopts = "UT"
  revision = "1b16b92ddf27ae338f7f162d5e4316b31bccdb8e"
  version = "v1.5.1"

[[projects]]
  digest = "1:24ffaa1636eba8f0cfc7671121d05a9a2040605adb1927a93be88fbc2ea6cfdb"
  name = "github.com/andybalholm/cascadia"
  packages = ["."]
  pruneopts = "UT"
  revision = "b69f6c92dfc187ebfe3914df716c2647a3af0ba0"
  version = "v1.1.0"

[[projects]]
  digest = "1:1c8ec6227a937efb8b5805fb6d7a4e322b1db025363260da1d823692fc9d21bd"
  name = "github.com/bwmarrin/discordgo"
  packages = ["."]
  pruneopts = "UT"
  revision = "b3cc83b10cce9e09fd126fd9bca044be3f97a4f6"
  version = "v0.20.2"

[[projects]]
  digest = "1:6d29f02f0f01c627c2be40fb7347669a9ff2aa215cb97747294c1d13ffa74bdd"
  name = "github.com/gorilla/websocket"
  packages = ["."]
  pruneopts = "UT"
  revision = "b65e62901fc1c0d968042419e74789f6af455eb9"
  version = "v1.4.2"

[[projects]]
  branch = "master"
  digest = "1:64a9d5955873d48bcb3221da0507b8fdfccb095c0b2d5e1f0162b72c70fb6445"
  name = "golang.org/x/crypto"
  packages = [
    "internal/subtle",
    "nacl/secretbox",
    "poly1305",
    "salsa20/salsa",
  ]
  pruneopts = "UT"
  revision = "056763e48d71961566155f089ac0f02f1dda9b5a"

[[projects]]
  branch = "master"
  digest = "1:ca901dc31bf65bcdf4ceb1b9b83292ea7b71bf9e4e22a807093900c737e1d960"
  name = "golang.org/x/net"
  packages = [
    "html",
    "html/atom",
  ]
  pruneopts = "UT"
  revision = "d3edc9973b7eb1fb302b0ff2c62357091cea9a30"

[[projects]]
  branch = "master"
  digest = "1:0110babbeb34e338aca6f831fcd8c4eb32a5e5844ca1b8d25a95a56308028e53"
  name = "golang.org/x/sys"
  packages = ["cpu"]
  pruneopts = "UT"
  revision = "59c9f1ba88faf592b225274f69c5ef1e4ebacf82"

[solve-meta]
  analyzer-name = "dep"
  analyzer-version = 1
  input-imports = [
    "github.com/PuerkitoBio/goquery",
    "github.com/bwmarrin/discordgo",
  ]
  solver-name = "gps-cdcl"
  solver-version = 1
